
Microsoft Visual Studio Solution File, Format Version 11.00
# Visual Studio 2010
Project("{FAE04EC0-301F-11D3-BF4B-00C04F79EFBC}") = "ServerSummary.Net4", "ServerSummary.Net4\ServerSummary.Net4.csproj", "{12679885-8FF8-4E66-B4E6-880F8FCC59F5}"
EndProject
Project("{FAE04EC0-301F-11D3-BF4B-00C04F79EFBC}") = "ServerSummary", "..\ServerSummary\ServerSummary\ServerSummary.csproj", "{8DDA6F77-F0DE-43E5-BF01-F165E0C56DFA}"
EndProject
Global
	GlobalSection(SolutionConfigurationPlatforms) = preSolution
		Debug|Any CPU = Debug|Any CPU
		Release|Any CPU = Release|Any CPU
	EndGlobalSection
	GlobalSection(ProjectConfigurationPlatforms) = postSolution
		{12679885-8FF8-4E66-B4E6-880F8FCC59F5}.Debug|Any CPU.ActiveCfg = Debug|Any CPU
		{12679885-8FF8-4E66-B4E6-880F8FCC59F5}.Debug|Any CPU.Build.0 = Debug|Any CPU
		{12679885-8FF8-4E66-B4E6-880F8FCC59F5}.Release|Any CPU.ActiveCfg = Release|Any CPU
		{12679885-8FF8-4E66-B4E6-880F8FCC59F5}.Release|Any CPU.Build.0 = Release|Any CPU
		{8DDA6F77-F0DE-43E5-BF01-F165E0C56DFA}.Debug|Any CPU.ActiveCfg = Debug|Any CPU
		{8DDA6F77-F0DE-43E5-BF01-F165E0C56DFA}.Debug|Any CPU.Build.0 = Debug|Any CPU
		{8DDA6F77-F0DE-43E5-BF01-F165E0C56DFA}.Release|Any CPU.ActiveCfg = Release|Any CPU
		{8DDA6F77-F0DE-43E5-BF01-F165E0C56DFA}.Release|Any CPU.Build.0 = Release|Any CPU
	EndGlobalSection
	GlobalSection(SolutionProperties) = preSolution
		HideSolutionNode = FALSE
	EndGlobalSection
EndGlobal
